
Microsoft Visual Studio Solution File, Format Version 12.00
# Visual Studio Version 16
VisualStudioVersion = 16.0.32630.194
MinimumVisualStudioVersion = 10.0.40219.1
Project("{FAE04EC0-301F-11D3-BF4B-00C04F79EFBC}") = "(ChristmasCTF) Light Up My Christmas!", "(ChristmasCTF) Light Up My Christmas!\(ChristmasCTF) Light Up My Christmas!.csproj", "{7CB56A2A-E16A-4CB0-9493-0EF73B17D81B}"
EndProject
Global
	GlobalSection(SolutionConfigurationPlatforms) = preSolution
		Debug|Any CPU = Debug|Any CPU
		Release|Any CPU = Release|Any CPU
	EndGlobalSection
	GlobalSection(ProjectConfigurationPlatforms) = postSolution
		{7CB56A2A-E16A-4CB0-9493-0EF73B17D81B}.Debug|Any CPU.ActiveCfg = Debug|Any CPU
		{7CB56A2A-E16A-4CB0-9493-0EF73B17D81B}.Debug|Any CPU.Build.0 = Debug|Any CPU
		{7CB56A2A-E16A-4CB0-9493-0EF73B17D81B}.Release|Any CPU.ActiveCfg = Release|Any CPU
		{7CB56A2A-E16A-4CB0-9493-0EF73B17D81B}.Release|Any CPU.Build.0 = Release|Any CPU
	EndGlobalSection
	GlobalSection(SolutionProperties) = preSolution
		HideSolutionNode = FALSE
	EndGlobalSection
	GlobalSection(ExtensibilityGlobals) = postSolution
		SolutionGuid = {B39EFAA9-4CBF-4A3B-BF62-3287C2B08FFD}
	EndGlobalSection
EndGlobal
